
Microsoft Visual Studio Solution File, Format Version 12.00
# Visual Studio Version 16
VisualStudioVersion = 16.0.31019.35
MinimumVisualStudioVersion = 10.0.40219.1
Project("{FAE04EC0-301F-11D3-BF4B-00C04F79EFBC}") = "Crosskey", "Crosskey\Crosskey.csproj", "{2D8FCB53-00C9-48A7-9482-A3A14EB84DDB}"
EndProject
Project("{FAE04EC0-301F-11D3-BF4B-00C04F79EFBC}") = "Repository", "Repository\Repository.csproj", "{1C8FF54E-7BF5-4815-B448-CEB00E605AE1}"
EndProject
Project("{FAE04EC0-301F-11D3-BF4B-00C04F79EFBC}") = "Repository.Tests", "Repository.Tests\Repository.Tests.csproj", "{87EA6209-AEE9-4653-8212-24CEA0E17786}"
EndProject
Project("{FAE04EC0-301F-11D3-BF4B-00C04F79EFBC}") = "Calculator", "Calculator\Calculator.csproj", "{DBF48545-A5A4-4901-AA3F-8CAC83553CAA}"
EndProject
Project("{FAE04EC0-301F-11D3-BF4B-00C04F79EFBC}") = "Calculator.Tests", "Calculator.Tests\Calculator.Tests.csproj", "{90EAB499-C1E6-4BAB-AD59-89F20958E888}"
EndProject
Global
	GlobalSection(SolutionConfigurationPlatforms) = preSolution
		Debug|Any CPU = Debug|Any CPU
		Release|Any CPU = Release|Any CPU
	EndGlobalSection
	GlobalSection(ProjectConfigurationPlatforms) = postSolution
		{2D8FCB53-00C9-48A7-9482-A3A14EB84DDB}.Debug|Any CPU.ActiveCfg = Debug|Any CPU
		{2D8FCB53-00C9-48A7-9482-A3A14EB84DDB}.Debug|Any CPU.Build.0 = Debug|Any CPU
		{2D8FCB53-00C9-48A7-9482-A3A14EB84DDB}.Release|Any CPU.ActiveCfg = Release|Any CPU
		{2D8FCB53-00C9-48A7-9482-A3A14EB84DDB}.Release|Any CPU.Build.0 = Release|Any CPU
		{1C8FF54E-7BF5-4815-B448-CEB00E605AE1}.Debug|Any CPU.ActiveCfg = Debug|Any CPU
		{1C8FF54E-7BF5-4815-B448-CEB00E605AE1}.Debug|Any CPU.Build.0 = Debug|Any CPU
		{1C8FF54E-7BF5-4815-B448-CEB00E605AE1}.Release|Any CPU.ActiveCfg = Release|Any CPU
		{1C8FF54E-7BF5-4815-B448-CEB00E605AE1}.Release|Any CPU.Build.0 = Release|Any CPU
		{87EA6209-AEE9-4653-8212-24CEA0E17786}.Debug|Any CPU.ActiveCfg = Debug|Any CPU
		{87EA6209-AEE9-4653-8212-24CEA0E17786}.Debug|Any CPU.Build.0 = Debug|Any CPU
		{87EA6209-AEE9-4653-8212-24CEA0E17786}.Release|Any CPU.ActiveCfg = Release|Any CPU
		{87EA6209-AEE9-4653-8212-24CEA0E17786}.Release|Any CPU.Build.0 = Release|Any CPU
		{DBF48545-A5A4-4901-AA3F-8CAC83553CAA}.Debug|Any CPU.ActiveCfg = Debug|Any CPU
		{DBF48545-A5A4-4901-AA3F-8CAC83553CAA}.Debug|Any CPU.Build.0 = Debug|Any CPU
		{DBF48545-A5A4-4901-AA3F-8CAC83553CAA}.Release|Any CPU.ActiveCfg = Release|Any CPU
		{DBF48545-A5A4-4901-AA3F-8CAC83553CAA}.Release|Any CPU.Build.0 = Release|Any CPU
		{90EAB499-C1E6-4BAB-AD59-89F20958E888}.Debug|Any CPU.ActiveCfg = Debug|Any CPU
		{90EAB499-C1E6-4BAB-AD59-89F20958E888}.Debug|Any CPU.Build.0 = Debug|Any CPU
		{90EAB499-C1E6-4BAB-AD59-89F20958E888}.Release|Any CPU.ActiveCfg = Release|Any CPU
		{90EAB499-C1E6-4BAB-AD59-89F20958E888}.Release|Any CPU.Build.0 = Release|Any CPU
	EndGlobalSection
	GlobalSection(SolutionProperties) = preSolution
		HideSolutionNode = FALSE
	EndGlobalSection
	GlobalSection(ExtensibilityGlobals) = postSolution
		SolutionGuid = {9D209116-1811-4155-8B67-97E02A67321F}
	EndGlobalSection
EndGlobal
